
Microsoft Visual Studio Solution File, Format Version 12.00
# Visual Studio 15
Project("{FAE04EC0-301F-11D3-BF4B-00C04F79EFBC}") = "Assembly-CSharp", "Assembly-CSharp.csproj", "{7E5EFB82-EFF9-D09E-A50D-469E8ECE6963}"
EndProject
Global
	GlobalSection(SolutionConfigurationPlatforms) = preSolution
		Debug|Any CPU = Debug|Any CPU
		Release|Any CPU = Release|Any CPU
	EndGlobalSection
	GlobalSection(ProjectConfigurationPlatforms) = postSolution
		{7E5EFB82-EFF9-D09E-A50D-469E8ECE6963}.Debug|Any CPU.ActiveCfg = Debug|Any CPU
		{7E5EFB82-EFF9-D09E-A50D-469E8ECE6963}.Debug|Any CPU.Build.0 = Debug|Any CPU
		{7E5EFB82-EFF9-D09E-A50D-469E8ECE6963}.Release|Any CPU.ActiveCfg = Release|Any CPU
		{7E5EFB82-EFF9-D09E-A50D-469E8ECE6963}.Release|Any CPU.Build.0 = Release|Any CPU
	EndGlobalSection
	GlobalSection(SolutionProperties) = preSolution
		HideSolutionNode = FALSE
	EndGlobalSection
EndGlobal
